// !$*UTF8*$!
{
	archiveVersion = 1;
	classes = {
	};
	objectVersion = 56;
	objects = {

/* Begin PBXBuildFile section */
		A05BA9472C2A5C97005672B5 /* MovieHubApp.swift in Sources */ = {isa = PBXBuildFile; fileRef = A05BA9462C2A5C97005672B5 /* MovieHubApp.swift */; };
		A05BA9492C2A5C97005672B5 /* ContentView.swift in Sources */ = {isa = PBXBuildFile; fileRef = A05BA9482C2A5C97005672B5 /* ContentView.swift */; };
		A05BA94B2C2A5C9A005672B5 /* Assets.xcassets in Resources */ = {isa = PBXBuildFile; fileRef = A05BA94A2C2A5C9A005672B5 /* Assets.xcassets */; };
		A05BA94E2C2A5C9A005672B5 /* Preview Assets.xcassets in Resources */ = {isa = PBXBuildFile; fileRef = A05BA94D2C2A5C9A005672B5 /* Preview Assets.xcassets */; };
		A05BA95F2C2A682A005672B5 /* Movie.swift in Sources */ = {isa = PBXBuildFile; fileRef = A05BA95E2C2A682A005672B5 /* Movie.swift */; };
		A05BA9612C2A6832005672B5 /* TrendingMovieService.swift in Sources */ = {isa = PBXBuildFile; fileRef = A05BA9602C2A6832005672B5 /* TrendingMovieService.swift */; };
		A05BA9642C2A684C005672B5 /* URLConstant.swift in Sources */ = {isa = PBXBuildFile; fileRef = A05BA9632C2A684C005672B5 /* URLConstant.swift */; };
		A05BA9662C2A6BF5005672B5 /* TrendingMoviesViewModel.swift in Sources */ = {isa = PBXBuildFile; fileRef = A05BA9652C2A6BF5005672B5 /* TrendingMoviesViewModel.swift */; };
		A05BA96A2C2A6CED005672B5 /* TrendingMoviesView.swift in Sources */ = {isa = PBXBuildFile; fileRef = A05BA9692C2A6CED005672B5 /* TrendingMoviesView.swift */; };
		A05BA96C2C2A8340005672B5 /* MovieCredit.swift in Sources */ = {isa = PBXBuildFile; fileRef = A05BA96B2C2A8340005672B5 /* MovieCredit.swift */; };
		A05BA9712C2A8637005672B5 /* MovieDetailService.swift in Sources */ = {isa = PBXBuildFile; fileRef = A05BA9702C2A8637005672B5 /* MovieDetailService.swift */; };
		A05BA9732C2A869F005672B5 /* MovieDetailsViewModel.swift in Sources */ = {isa = PBXBuildFile; fileRef = A05BA9722C2A869F005672B5 /* MovieDetailsViewModel.swift */; };
		A05BA9762C2A967A005672B5 /* MovieDetail.swift in Sources */ = {isa = PBXBuildFile; fileRef = A05BA9752C2A967A005672B5 /* MovieDetail.swift */; };
/* End PBXBuildFile section */

/* Begin PBXFileReference section */
		A05BA9432C2A5C97005672B5 /* MovieHub.app */ = {isa = PBXFileReference; explicitFileType = wrapper.application; includeInIndex = 0; path = MovieHub.app; sourceTree = BUILT_PRODUCTS_DIR; };
		A05BA9462C2A5C97005672B5 /* MovieHubApp.swift */ = {isa = PBXFileReference; lastKnownFileType = sourcecode.swift; path = MovieHubApp.swift; sourceTree = "<group>"; };
		A05BA9482C2A5C97005672B5 /* ContentView.swift */ = {isa = PBXFileReference; lastKnownFileType = sourcecode.swift; path = ContentView.swift; sourceTree = "<group>"; };
		A05BA94A2C2A5C9A005672B5 /* Assets.xcassets */ = {isa = PBXFileReference; lastKnownFileType = folder.assetcatalog; path = Assets.xcassets; sourceTree = "<group>"; };
		A05BA94D2C2A5C9A005672B5 /* Preview Assets.xcassets */ = {isa = PBXFileReference; lastKnownFileType = folder.assetcatalog; path = "Preview Assets.xcassets"; sourceTree = "<group>"; };
		A05BA95E2C2A682A005672B5 /* Movie.swift */ = {isa = PBXFileReference; lastKnownFileType = sourcecode.swift; path = Movie.swift; sourceTree = "<group>"; };
		A05BA9602C2A6832005672B5 /* TrendingMovieService.swift */ = {isa = PBXFileReference; lastKnownFileType = sourcecode.swift; path = TrendingMovieService.swift; sourceTree = "<group>"; };
		A05BA9632C2A684C005672B5 /* URLConstant.swift */ = {isa = PBXFileReference; lastKnownFileType = sourcecode.swift; path = URLConstant.swift; sourceTree = "<group>"; };
		A05BA9652C2A6BF5005672B5 /* TrendingMoviesViewModel.swift */ = {isa = PBXFileReference; lastKnownFileType = sourcecode.swift; path = TrendingMoviesViewModel.swift; sourceTree = "<group>"; };
		A05BA9692C2A6CED005672B5 /* TrendingMoviesView.swift */ = {isa = PBXFileReference; lastKnownFileType = sourcecode.swift; path = TrendingMoviesView.swift; sourceTree = "<group>"; };
		A05BA96B2C2A8340005672B5 /* MovieCredit.swift */ = {isa = PBXFileReference; lastKnownFileType = sourcecode.swift; path = MovieCredit.swift; sourceTree = "<group>"; };
		A05BA9702C2A8637005672B5 /* MovieDetailService.swift */ = {isa = PBXFileReference; lastKnownFileType = sourcecode.swift; path = MovieDetailService.swift; sourceTree = "<group>"; };
		A05BA9722C2A869F005672B5 /* MovieDetailsViewModel.swift */ = {isa = PBXFileReference; lastKnownFileType = sourcecode.swift; path = MovieDetailsViewModel.swift; sourceTree = "<group>"; };
		A05BA9752C2A967A005672B5 /* MovieDetail.swift */ = {isa = PBXFileReference; lastKnownFileType = sourcecode.swift; path = MovieDetail.swift; sourceTree = "<group>"; };
/* End PBXFileReference section */

/* Begin PBXFrameworksBuildPhase section */
		A05BA9402C2A5C97005672B5 /* Frameworks */ = {
			isa = PBXFrameworksBuildPhase;
			buildActionMask = 2147483647;
			files = (
			);
			runOnlyForDeploymentPostprocessing = 0;
		};
/* End PBXFrameworksBuildPhase section */

/* Begin PBXGroup section */
		A05BA93A2C2A5C97005672B5 = {
			isa = PBXGroup;
			children = (
				A05BA9452C2A5C97005672B5 /* MovieHub */,
				A05BA9442C2A5C97005672B5 /* Products */,
			);
			sourceTree = "<group>";
		};
		A05BA9442C2A5C97005672B5 /* Products */ = {
			isa = PBXGroup;
			children = (
				A05BA9432C2A5C97005672B5 /* MovieHub.app */,
			);
			name = Products;
			sourceTree = "<group>";
		};
		A05BA9452C2A5C97005672B5 /* MovieHub */ = {
			isa = PBXGroup;
			children = (
				A05BA9542C2A6745005672B5 /* App */,
				A05BA9552C2A674C005672B5 /* Core */,
				A05BA95B2C2A6805005672B5 /* Model */,
				A05BA9622C2A6841005672B5 /* Utils */,
				A05BA95A2C2A67F9005672B5 /* Services */,
				A05BA9482C2A5C97005672B5 /* ContentView.swift */,
				A05BA94A2C2A5C9A005672B5 /* Assets.xcassets */,
				A05BA94C2C2A5C9A005672B5 /* Preview Content */,
			);
			path = MovieHub;
			sourceTree = "<group>";
		};
		A05BA94C2C2A5C9A005672B5 /* Preview Content */ = {
			isa = PBXGroup;
			children = (
				A05BA94D2C2A5C9A005672B5 /* Preview Assets.xcassets */,
			);
			path = "Preview Content";
			sourceTree = "<group>";
		};
		A05BA9542C2A6745005672B5 /* App */ = {
			isa = PBXGroup;
			children = (
				A05BA9462C2A5C97005672B5 /* MovieHubApp.swift */,
			);
			path = App;
			sourceTree = "<group>";
		};
		A05BA9552C2A674C005672B5 /* Core */ = {
			isa = PBXGroup;
			children = (
				A05BA96D2C2A85F0005672B5 /* MovieDetails */,
				A05BA9562C2A67C0005672B5 /* TrendingMovies */,
			);
			path = Core;
			sourceTree = "<group>";
		};
		A05BA9562C2A67C0005672B5 /* TrendingMovies */ = {
			isa = PBXGroup;
			children = (
				A05BA9582C2A67D4005672B5 /* View */,
				A05BA9572C2A67CD005672B5 /* ViewModel */,
			);
			path = TrendingMovies;
			sourceTree = "<group>";
		};
		A05BA9572C2A67CD005672B5 /* ViewModel */ = {
			isa = PBXGroup;
			children = (
				A05BA9652C2A6BF5005672B5 /* TrendingMoviesViewModel.swift */,
			);
			path = ViewModel;
			sourceTree = "<group>";
		};
		A05BA9582C2A67D4005672B5 /* View */ = {
			isa = PBXGroup;
			children = (
				A05BA9692C2A6CED005672B5 /* TrendingMoviesView.swift */,
			);
			path = View;
			sourceTree = "<group>";
		};
		A05BA95A2C2A67F9005672B5 /* Services */ = {
			isa = PBXGroup;
			children = (
				A05BA9602C2A6832005672B5 /* TrendingMovieService.swift */,
				A05BA9702C2A8637005672B5 /* MovieDetailService.swift */,
			);
			path = Services;
			sourceTree = "<group>";
		};
		A05BA95B2C2A6805005672B5 /* Model */ = {
			isa = PBXGroup;
			children = (
				A05BA95E2C2A682A005672B5 /* Movie.swift */,
				A05BA96B2C2A8340005672B5 /* MovieCredit.swift */,
				A05BA9752C2A967A005672B5 /* MovieDetail.swift */,
			);
			path = Model;
			sourceTree = "<group>";
		};
		A05BA9622C2A6841005672B5 /* Utils */ = {
			isa = PBXGroup;
			children = (
				A05BA9632C2A684C005672B5 /* URLConstant.swift */,
			);
			path = Utils;
			sourceTree = "<group>";
		};
		A05BA96D2C2A85F0005672B5 /* MovieDetails */ = {
			isa = PBXGroup;
			children = (
				A05BA96E2C2A8601005672B5 /* View */,
				A05BA96F2C2A8603005672B5 /* ViewModel */,
			);
			path = MovieDetails;
			sourceTree = "<group>";
		};
		A05BA96E2C2A8601005672B5 /* View */ = {
			isa = PBXGroup;
			children = (
			);
			path = View;
			sourceTree = "<group>";
		};
		A05BA96F2C2A8603005672B5 /* ViewModel */ = {
			isa = PBXGroup;
			children = (
				A05BA9722C2A869F005672B5 /* MovieDetailsViewModel.swift */,
			);
			path = ViewModel;
			sourceTree = "<group>";
		};
/* End PBXGroup section */

/* Begin PBXNativeTarget section */
		A05BA9422C2A5C97005672B5 /* MovieHub */ = {
			isa = PBXNativeTarget;
			buildConfigurationList = A05BA9512C2A5C9A005672B5 /* Build configuration list for PBXNativeTarget "MovieHub" */;
			buildPhases = (
				A05BA93F2C2A5C97005672B5 /* Sources */,
				A05BA9402C2A5C97005672B5 /* Frameworks */,
				A05BA9412C2A5C97005672B5 /* Resources */,
			);
			buildRules = (
			);
			dependencies = (
			);
			name = MovieHub;
			productName = MovieHub;
			productReference = A05BA9432C2A5C97005672B5 /* MovieHub.app */;
			productType = "com.apple.product-type.application";
		};
/* End PBXNativeTarget section */

/* Begin PBXProject section */
		A05BA93B2C2A5C97005672B5 /* Project object */ = {
			isa = PBXProject;
			attributes = {
				BuildIndependentTargetsInParallel = 1;
				LastSwiftUpdateCheck = 1540;
				LastUpgradeCheck = 1540;
				TargetAttributes = {
					A05BA9422C2A5C97005672B5 = {
						CreatedOnToolsVersion = 15.4;
					};
				};
			};
			buildConfigurationList = A05BA93E2C2A5C97005672B5 /* Build configuration list for PBXProject "MovieHub" */;
			compatibilityVersion = "Xcode 14.0";
			developmentRegion = en;
			hasScannedForEncodings = 0;
			knownRegions = (
				en,
				Base,
			);
			mainGroup = A05BA93A2C2A5C97005672B5;
			productRefGroup = A05BA9442C2A5C97005672B5 /* Products */;
			projectDirPath = "";
			projectRoot = "";
			targets = (
				A05BA9422C2A5C97005672B5 /* MovieHub */,
			);
		};
/* End PBXProject section */

/* Begin PBXResourcesBuildPhase section */
		A05BA9412C2A5C97005672B5 /* Resources */ = {
			isa = PBXResourcesBuildPhase;
			buildActionMask = 2147483647;
			files = (
				A05BA94E2C2A5C9A005672B5 /* Preview Assets.xcassets in Resources */,
				A05BA94B2C2A5C9A005672B5 /* Assets.xcassets in Resources */,
			);
			runOnlyForDeploymentPostprocessing = 0;
		};
/* End PBXResourcesBuildPhase section */

/* Begin PBXSourcesBuildPhase section */
		A05BA93F2C2A5C97005672B5 /* Sources */ = {
			isa = PBXSourcesBuildPhase;
			buildActionMask = 2147483647;
			files = (
				A05BA9732C2A869F005672B5 /* MovieDetailsViewModel.swift in Sources */,
				A05BA9492C2A5C97005672B5 /* ContentView.swift in Sources */,
				A05BA9712C2A8637005672B5 /* MovieDetailService.swift in Sources */,
				A05BA9472C2A5C97005672B5 /* MovieHubApp.swift in Sources */,
				A05BA9642C2A684C005672B5 /* URLConstant.swift in Sources */,
				A05BA9612C2A6832005672B5 /* TrendingMovieService.swift in Sources */,
				A05BA9662C2A6BF5005672B5 /* TrendingMoviesViewModel.swift in Sources */,
				A05BA96C2C2A8340005672B5 /* MovieCredit.swift in Sources */,
				A05BA95F2C2A682A005672B5 /* Movie.swift in Sources */,
				A05BA96A2C2A6CED005672B5 /* TrendingMoviesView.swift in Sources */,
				A05BA9762C2A967A005672B5 /* MovieDetail.swift in Sources */,
			);
			runOnlyForDeploymentPostprocessing = 0;
		};
/* End PBXSourcesBuildPhase section */

/* Begin XCBuildConfiguration section */
		A05BA94F2C2A5C9A005672B5 /* Debug */ = {
			isa = XCBuildConfiguration;
			buildSettings = {
				ALWAYS_SEARCH_USER_PATHS = NO;
				ASSETCATALOG_COMPILER_GENERATE_SWIFT_ASSET_SYMBOL_EXTENSIONS = YES;
				CLANG_ANALYZER_NONNULL = YES;
				CLANG_ANALYZER_NUMBER_OBJECT_CONVERSION = YES_AGGRESSIVE;
				CLANG_CXX_LANGUAGE_STANDARD = "gnu++20";
				CLANG_ENABLE_MODULES = YES;
				CLANG_ENABLE_OBJC_ARC = YES;
				CLANG_ENABLE_OBJC_WEAK = YES;
				CLANG_WARN_BLOCK_CAPTURE_AUTORELEASING = YES;
				CLANG_WARN_BOOL_CONVERSION = YES;
				CLANG_WARN_COMMA = YES;
				CLANG_WARN_CONSTANT_CONVERSION = YES;
				CLANG_WARN_DEPRECATED_OBJC_IMPLEMENTATIONS = YES;
				CLANG_WARN_DIRECT_OBJC_ISA_USAGE = YES_ERROR;
				CLANG_WARN_DOCUMENTATION_COMMENTS = YES;
				CLANG_WARN_EMPTY_BODY = YES;
				CLANG_WARN_ENUM_CONVERSION = YES;
				CLANG_WARN_INFINITE_RECURSION = YES;
				CLANG_WARN_INT_CONVERSION = YES;
				CLANG_WARN_NON_LITERAL_NULL_CONVERSION = YES;
				CLANG_WARN_OBJC_IMPLICIT_RETAIN_SELF = YES;
				CLANG_WARN_OBJC_LITERAL_CONVERSION = YES;
				CLANG_WARN_OBJC_ROOT_CLASS = YES_ERROR;
				CLANG_WARN_QUOTED_INCLUDE_IN_FRAMEWORK_HEADER = YES;
				CLANG_WARN_RANGE_LOOP_ANALYSIS = YES;
				CLANG_WARN_STRICT_PROTOTYPES = YES;
				CLANG_WARN_SUSPICIOUS_MOVE = YES;
				CLANG_WARN_UNGUARDED_AVAILABILITY = YES_AGGRESSIVE;
				CLANG_WARN_UNREACHABLE_CODE = YES;
				CLANG_WARN__DUPLICATE_METHOD_MATCH = YES;
				COPY_PHASE_STRIP = NO;
				DEBUG_INFORMATION_FORMAT = dwarf;
				ENABLE_STRICT_OBJC_MSGSEND = YES;
				ENABLE_TESTABILITY = YES;
				ENABLE_USER_SCRIPT_SANDBOXING = YES;
				GCC_C_LANGUAGE_STANDARD = gnu17;
				GCC_DYNAMIC_NO_PIC = NO;
				GCC_NO_COMMON_BLOCKS = YES;
				GCC_OPTIMIZATION_LEVEL = 0;
				GCC_PREPROCESSOR_DEFINITIONS = (
					"DEBUG=1",
					"$(inherited)",
				);
				GCC_WARN_64_TO_32_BIT_CONVERSION = YES;
				GCC_WARN_ABOUT_RETURN_TYPE = YES_ERROR;
				GCC_WARN_UNDECLARED_SELECTOR = YES;
				GCC_WARN_UNINITIALIZED_AUTOS = YES_AGGRESSIVE;
				GCC_WARN_UNUSED_FUNCTION = YES;
				GCC_WARN_UNUSED_VARIABLE = YES;
				IPHONEOS_DEPLOYMENT_TARGET = 17.5;
				LOCALIZATION_PREFERS_STRING_CATALOGS = YES;
				MTL_ENABLE_DEBUG_INFO = INCLUDE_SOURCE;
				MTL_FAST_MATH = YES;
				ONLY_ACTIVE_ARCH = YES;
				SDKROOT = iphoneos;
				SWIFT_ACTIVE_COMPILATION_CONDITIONS = "DEBUG $(inherited)";
				SWIFT_OPTIMIZATION_LEVEL = "-Onone";
			};
			name = Debug;
		};
		A05BA9502C2A5C9A005672B5 /* Release */ = {
			isa = XCBuildConfiguration;
			buildSettings = {
				ALWAYS_SEARCH_USER_PATHS = NO;
				ASSETCATALOG_COMPILER_GENERATE_SWIFT_ASSET_SYMBOL_EXTENSIONS = YES;
				CLANG_ANALYZER_NONNULL = YES;
				CLANG_ANALYZER_NUMBER_OBJECT_CONVERSION = YES_AGGRESSIVE;
				CLANG_CXX_LANGUAGE_STANDARD = "gnu++20";
				CLANG_ENABLE_MODULES = YES;
				CLANG_ENABLE_OBJC_ARC = YES;
				CLANG_ENABLE_OBJC_WEAK = YES;
				CLANG_WARN_BLOCK_CAPTURE_AUTORELEASING = YES;
				CLANG_WARN_BOOL_CONVERSION = YES;
				CLANG_WARN_COMMA = YES;
				CLANG_WARN_CONSTANT_CONVERSION = YES;
				CLANG_WARN_DEPRECATED_OBJC_IMPLEMENTATIONS = YES;
				CLANG_WARN_DIRECT_OBJC_ISA_USAGE = YES_ERROR;
				CLANG_WARN_DOCUMENTATION_COMMENTS = YES;
				CLANG_WARN_EMPTY_BODY = YES;
				CLANG_WARN_ENUM_CONVERSION = YES;
				CLANG_WARN_INFINITE_RECURSION = YES;
				CLANG_WARN_INT_CONVERSION = YES;
				CLANG_WARN_NON_LITERAL_NULL_CONVERSION = YES;
				CLANG_WARN_OBJC_IMPLICIT_RETAIN_SELF = YES;
				CLANG_WARN_OBJC_LITERAL_CONVERSION = YES;
				CLANG_WARN_OBJC_ROOT_CLASS = YES_ERROR;
				CLANG_WARN_QUOTED_INCLUDE_IN_FRAMEWORK_HEADER = YES;
				CLANG_WARN_RANGE_LOOP_ANALYSIS = YES;
				CLANG_WARN_STRICT_PROTOTYPES = YES;
				CLANG_WARN_SUSPICIOUS_MOVE = YES;
				CLANG_WARN_UNGUARDED_AVAILABILITY = YES_AGGRESSIVE;
				CLANG_WARN_UNREACHABLE_CODE = YES;
				CLANG_WARN__DUPLICATE_METHOD_MATCH = YES;
				COPY_PHASE_STRIP = NO;
				DEBUG_INFORMATION_FORMAT = "dwarf-with-dsym";
				ENABLE_NS_ASSERTIONS = NO;
				ENABLE_STRICT_OBJC_MSGSEND = YES;
				ENABLE_USER_SCRIPT_SANDBOXING = YES;
				GCC_C_LANGUAGE_STANDARD = gnu17;
				GCC_NO_COMMON_BLOCKS = YES;
				GCC_WARN_64_TO_32_BIT_CONVERSION = YES;
				GCC_WARN_ABOUT_RETURN_TYPE = YES_ERROR;
				GCC_WARN_UNDECLARED_SELECTOR = YES;
				GCC_WARN_UNINITIALIZED_AUTOS = YES_AGGRESSIVE;
				GCC_WARN_UNUSED_FUNCTION = YES;
				GCC_WARN_UNUSED_VARIABLE = YES;
				IPHONEOS_DEPLOYMENT_TARGET = 17.5;
				LOCALIZATION_PREFERS_STRING_CATALOGS = YES;
				MTL_ENABLE_DEBUG_INFO = NO;
				MTL_FAST_MATH = YES;
				SDKROOT = iphoneos;
				SWIFT_COMPILATION_MODE = wholemodule;
				VALIDATE_PRODUCT = YES;
			};
			name = Release;
		};
		A05BA9522C2A5C9A005672B5 /* Debug */ = {
			isa = XCBuildConfiguration;
			buildSettings = {
				ASSETCATALOG_COMPILER_APPICON_NAME = AppIcon;
				ASSETCATALOG_COMPILER_GLOBAL_ACCENT_COLOR_NAME = AccentColor;
				CODE_SIGN_STYLE = Automatic;
				CURRENT_PROJECT_VERSION = 1;
				DEVELOPMENT_ASSET_PATHS = "\"MovieHub/Preview Content\"";
				DEVELOPMENT_TEAM = H268PUBW7D;
				ENABLE_PREVIEWS = YES;
				GENERATE_INFOPLIST_FILE = YES;
				INFOPLIST_KEY_UIApplicationSceneManifest_Generation = YES;
				INFOPLIST_KEY_UIApplicationSupportsIndirectInputEvents = YES;
				INFOPLIST_KEY_UILaunchScreen_Generation = YES;
				INFOPLIST_KEY_UISupportedInterfaceOrientations = UIInterfaceOrientationPortrait;
				INFOPLIST_KEY_UISupportedInterfaceOrientations_iPad = "UIInterfaceOrientationLandscapeLeft UIInterfaceOrientationLandscapeRight UIInterfaceOrientationPortrait UIInterfaceOrientationPortraitUpsideDown";
				LD_RUNPATH_SEARCH_PATHS = (
					"$(inherited)",
					"@executable_path/Frameworks",
				);
				MARKETING_VERSION = 1.0;
				PRODUCT_BUNDLE_IDENTIFIER = com.abed.MovieHub;
				PRODUCT_NAME = "$(TARGET_NAME)";
				SWIFT_EMIT_LOC_STRINGS = YES;
				SWIFT_VERSION = 5.0;
				TARGETED_DEVICE_FAMILY = "1,2";
			};
			name = Debug;
		};
		A05BA9532C2A5C9A005672B5 /* Release */ = {
			isa = XCBuildConfiguration;
			buildSettings = {
				ASSETCATALOG_COMPILER_APPICON_NAME = AppIcon;
				ASSETCATALOG_COMPILER_GLOBAL_ACCENT_COLOR_NAME = AccentColor;
				CODE_SIGN_STYLE = Automatic;
				CURRENT_PROJECT_VERSION = 1;
				DEVELOPMENT_ASSET_PATHS = "\"MovieHub/Preview Content\"";
				DEVELOPMENT_TEAM = H268PUBW7D;
				ENABLE_PREVIEWS = YES;
				GENERATE_INFOPLIST_FILE = YES;
				INFOPLIST_KEY_UIApplicationSceneManifest_Generation = YES;
				INFOPLIST_KEY_UIApplicationSupportsIndirectInputEvents = YES;
				INFOPLIST_KEY_UILaunchScreen_Generation = YES;
				INFOPLIST_KEY_UISupportedInterfaceOrientations = UIInterfaceOrientationPortrait;
				INFOPLIST_KEY_UISupportedInterfaceOrientations_iPad = "UIInterfaceOrientationLandscapeLeft UIInterfaceOrientationLandscapeRight UIInterfaceOrientationPortrait UIInterfaceOrientationPortraitUpsideDown";
				LD_RUNPATH_SEARCH_PATHS = (
					"$(inherited)",
					"@executable_path/Frameworks",
				);
				MARKETING_VERSION = 1.0;
				PRODUCT_BUNDLE_IDENTIFIER = com.abed.MovieHub;
				PRODUCT_NAME = "$(TARGET_NAME)";
				SWIFT_EMIT_LOC_STRINGS = YES;
				SWIFT_VERSION = 5.0;
				TARGETED_DEVICE_FAMILY = "1,2";
			};
			name = Release;
		};
/* End XCBuildConfiguration section */

/* Begin XCConfigurationList section */
		A05BA93E2C2A5C97005672B5 /* Build configuration list for PBXProject "MovieHub" */ = {
			isa = XCConfigurationList;
			buildConfigurations = (
				A05BA94F2C2A5C9A005672B5 /* Debug */,
				A05BA9502C2A5C9A005672B5 /* Release */,
			);
			defaultConfigurationIsVisible = 0;
			defaultConfigurationName = Release;
		};
		A05BA9512C2A5C9A005672B5 /* Build configuration list for PBXNativeTarget "MovieHub" */ = {
			isa = XCConfigurationList;
			buildConfigurations = (
				A05BA9522C2A5C9A005672B5 /* Debug */,
				A05BA9532C2A5C9A005672B5 /* Release */,
			);
			defaultConfigurationIsVisible = 0;
			defaultConfigurationName = Release;
		};
/* End XCConfigurationList section */
	};
	rootObject = A05BA93B2C2A5C97005672B5 /* Project object */;
}
